
Microsoft Visual Studio Solution File, Format Version 12.00
# Visual Studio Version 17
VisualStudioVersion = 17.8.34408.163
MinimumVisualStudioVersion = 10.0.40219.1
Project("{FAE04EC0-301F-11D3-BF4B-00C04F79EFBC}") = "Mission2", "Mission2.csproj", "{EA5D892E-61B4-4283-AEA8-193956F15FCE}"
EndProject
Global
	GlobalSection(SolutionConfigurationPlatforms) = preSolution
		Debug|Any CPU = Debug|Any CPU
		Release|Any CPU = Release|Any CPU
	EndGlobalSection
	GlobalSection(ProjectConfigurationPlatforms) = postSolution
		{EA5D892E-61B4-4283-AEA8-193956F15FCE}.Debug|Any CPU.ActiveCfg = Debug|Any CPU
		{EA5D892E-61B4-4283-AEA8-193956F15FCE}.Debug|Any CPU.Build.0 = Debug|Any CPU
		{EA5D892E-61B4-4283-AEA8-193956F15FCE}.Release|Any CPU.ActiveCfg = Release|Any CPU
		{EA5D892E-61B4-4283-AEA8-193956F15FCE}.Release|Any CPU.Build.0 = Release|Any CPU
	EndGlobalSection
	GlobalSection(SolutionProperties) = preSolution
		HideSolutionNode = FALSE
	EndGlobalSection
	GlobalSection(ExtensibilityGlobals) = postSolution
		SolutionGuid = {DFD924FC-DBDF-467D-A89D-7FC90319CD6B}
	EndGlobalSection
EndGlobal
